{
  "name": "git-contributor-summary",
  "version": "1.0.0",
  "lockfileVersion": 3,
  "requires": true,
  "packages": {
    "": {
      "name": "git-contributor-summary",
      "version": "1.0.0",
      "license": "MIT",
      "bin": {
        "git-contributor-summary": "git-contributor-summary.js"
      },
      "engines": {
        "node": ">=14"
      }
    }
  }
}
